{
  "name": "hello-world",
  "version": "1.0.0",
  "lockfileVersion": 1,
  "requires": true,
  "dependencies": {
    "@actions/core": {
      "version": "1.2.2",
      "resolved": "https://globaldevtools.bbva.com:443/artifactory/api/npm/npm-repo/@actions/core/-/core-1.2.2.tgz",
      "integrity": "sha1-PEhI1QN4+eO8tnvPl4Ezguxzae4="
    },
    "@zeit/ncc": {
      "version": "0.21.1",
      "resolved": "https://globaldevtools.bbva.com:443/artifactory/api/npm/npm-repo/@zeit/ncc/-/ncc-0.21.1.tgz",
      "integrity": "sha1-RP1DWcVLo0oBilzPejFUidsgpzM="
    }
  }
}
